github.com/Knetic/govaluate v3.0.0+incompatible h1:7o6+MAPhYTCF0+fdvoz1xDedhRb4f6s9Tn1Tt7/WTEg=
github.com/Knetic/govaluate v3.0.0+incompatible/go.mod h1:r7JcOSlj0wfOMncg0iLm8Leh48TZaKVeNIfJntJ2wa0=
github.com/NOX73/go-neural v0.0.0-20160208133716-f327eff30de7 h1:qu1gE+QUQcAAYN3eNEAnA8+61VrMmcuiWEePGu96iFI=
github.com/NOX73/go-neural v0.0.0-20160208133716-f327eff30de7/go.mod h1:PdvSKGMRWeqNGgsKqyjqmT8pdqsDUzhR4YSewDFBoBo=
github.com/dariubs/percent v0.0.0-20161012123256-6a210960ed74 h1:OcYBgVYB66rbiT78If89zFMnV6+0OumWyy8mSsGtNrQ=
github.com/dariubs/percent v0.0.0-20161012123256-6a210960ed74/go.mod h1:NqjuQSHe8CjRVziJtxGCQDmOwoj68QdlKRkbddHfRtY=
github.com/jessevdk/go-flags v1.4.0 h1:4IU2WS7AumrZ/40jfhf4QVDMsQwqA7VEHozFRrGARJA=
github.com/jessevdk/go-flags v1.4.0/go.mod h1:4FA24M0QyGHXBuZZK/XkWh8h0e1EYbRYJSGM75WSRxI=
go.uber.org/atomic v1.3.2 h1:2Oa65PReHzfn29GpvgsYwloV9AVFHPDk8tYxt2c2tr4=
go.uber.org/atomic v1.3.2/go.mod h1:gD2HeocX3+yG+ygLZcrzQJaqmWj9AIm7n08wl/qW/PE=
go.uber.org/multierr v1.1.0 h1:HoEmRHQPVSqub6w2z2d2EOVs2fjyFRGyofhKuyDq0QI=
go.uber.org/multierr v1.1.0/go.mod h1:wR5kodmAFQ0UK8QlbwjlSNy0Z68gJhDJUG5sjR94q/0=
go.uber.org/zap v1.8.0 h1:r6Za1Rii8+EGOYRDLvpooNOF6kP3iyDnkpzbw67gCQ8=
go.uber.org/zap v1.8.0/go.mod h1:vwi/ZaCAaUcBkycHslxD9B2zi4UTXhF60s6SWpuDF0Q=
